{
    "_meta": {
        "hash": {
            "sha256": "b77c20bfb3a31313a05f9404fea3cb492a1ed58558c7fc69635a5e6a49b2471d"
        },
        "host-environment-markers": {
            "implementation_name": "cpython",
            "implementation_version": "3.6.1",
            "os_name": "posix",
            "platform_machine": "x86_64",
            "platform_python_implementation": "CPython",
            "platform_release": "17.2.0",
            "platform_system": "Darwin",
            "platform_version": "Darwin Kernel Version 17.2.0: Fri Sep 29 18:27:05 PDT 2017; root:xnu-4570.20.62~3/RELEASE_X86_64",
            "python_full_version": "3.6.1",
            "python_version": "3.6",
            "sys_platform": "darwin"
        },
        "pipfile-spec": 6,
        "requires": {},
        "sources": [
            {
                "name": "pypi",
                "url": "https://pypi.python.org/simple",
                "verify_ssl": true
            }
        ]
    },
    "default": {
        "bitstring": {
            "hashes": [
                "sha256:c163a86fcef377c314690051885d86b47419e3e1770990c212e16723c1c08faa"
            ],
            "version": "==3.1.5"
        },
        "jsonschema": {
            "hashes": [
                "sha256:000e68abd33c972a5248544925a0cae7d1125f9bf6c58280d37546b946769a08",
                "sha256:6ff5f3180870836cae40f06fa10419f557208175f13ad7bc26caa77beb1f6e02"
            ],
            "version": "==2.6.0"
        },
        "ndcpy": {
            "hashes": [
                "sha256:76139f5f6e7e7b89ab3f82764dd365afbc2cc570bc909f2d401c23ce9c05be24"
            ],
            "version": "==0.1.1"
        },
        "semver": {
            "hashes": [
                "sha256:1ffb55fb86a076cf7c161e6b5931f7da59f15abe217e0f24cea96cc8eec50f42"
            ],
            "version": "==2.7.9"
        },
        "tqdm": {
            "hashes": [
                "sha256:733ce813ab83e17a03da34043c6265e29f6731e3cbbbe305b12694ced0af6770",
                "sha256:7ca803c2ea268c6bdb541e2dac74a3af23cf4bf7b4132a6a78926d255f8c8df1"
            ],
            "version": "==4.19.4"
        }
    },
    "develop": {}
}
